
Microsoft Visual Studio Solution File, Format Version 12.00
# Visual Studio Version 17
VisualStudioVersion = 17.2.32630.192
MinimumVisualStudioVersion = 10.0.40219.1
Project("{FAE04EC0-301F-11D3-BF4B-00C04F79EFBC}") = "Recipes", "Recipes\Recipes.csproj", "{17D90EF1-C7BF-46EB-B369-6308197D1F63}"
EndProject
Project("{FAE04EC0-301F-11D3-BF4B-00C04F79EFBC}") = "Data", "Data\Data.csproj", "{5F225A98-575F-40C1-A4C1-7EEBA779D83B}"
EndProject
Global
	GlobalSection(SolutionConfigurationPlatforms) = preSolution
		Debug|Any CPU = Debug|Any CPU
		Release|Any CPU = Release|Any CPU
	EndGlobalSection
	GlobalSection(ProjectConfigurationPlatforms) = postSolution
		{17D90EF1-C7BF-46EB-B369-6308197D1F63}.Debug|Any CPU.ActiveCfg = Debug|Any CPU
		{17D90EF1-C7BF-46EB-B369-6308197D1F63}.Debug|Any CPU.Build.0 = Debug|Any CPU
		{17D90EF1-C7BF-46EB-B369-6308197D1F63}.Release|Any CPU.ActiveCfg = Release|Any CPU
		{17D90EF1-C7BF-46EB-B369-6308197D1F63}.Release|Any CPU.Build.0 = Release|Any CPU
		{5F225A98-575F-40C1-A4C1-7EEBA779D83B}.Debug|Any CPU.ActiveCfg = Debug|Any CPU
		{5F225A98-575F-40C1-A4C1-7EEBA779D83B}.Debug|Any CPU.Build.0 = Debug|Any CPU
		{5F225A98-575F-40C1-A4C1-7EEBA779D83B}.Release|Any CPU.ActiveCfg = Release|Any CPU
		{5F225A98-575F-40C1-A4C1-7EEBA779D83B}.Release|Any CPU.Build.0 = Release|Any CPU
	EndGlobalSection
	GlobalSection(SolutionProperties) = preSolution
		HideSolutionNode = FALSE
	EndGlobalSection
	GlobalSection(ExtensibilityGlobals) = postSolution
		SolutionGuid = {80968144-4A2F-4937-B56F-25FC413351D7}
	EndGlobalSection
EndGlobal
